
Microsoft Visual Studio Solution File, Format Version 12.00
# Visual Studio Version 17
VisualStudioVersion = 17.10.35013.160
MinimumVisualStudioVersion = 10.0.40219.1
Project("{9A19103F-16F7-4668-BE54-9A1E7A4F7556}") = "ApiAdmin", "ApiAdmin\ApiAdmin.csproj", "{88B6FD3F-C53C-4C07-AC4C-2B1B1D699894}"
EndProject
Project("{2150E333-8FDC-42A3-9474-1A3956D46DE8}") = "APIS", "APIS", "{7B73E12C-1A95-4ACA-B3F1-9ED6F9EE2FBB}"
EndProject
Project("{2150E333-8FDC-42A3-9474-1A3956D46DE8}") = "Commons", "Commons", "{4D951CEF-A91A-4867-9AFE-FC83C9EABD91}"
EndProject
Project("{9A19103F-16F7-4668-BE54-9A1E7A4F7556}") = "ApiAuth", "ApiAuth\ApiAuth.csproj", "{862F4434-D4D4-43F9-A3E9-7898DECF97C3}"
EndProject
Project("{9A19103F-16F7-4668-BE54-9A1E7A4F7556}") = "DTO", "DTO\DTO.csproj", "{9641504F-33AF-4A4E-AF16-90BBCA0A8237}"
EndProject
Project("{9A19103F-16F7-4668-BE54-9A1E7A4F7556}") = "HttpCall", "HttpCall\HttpCall.csproj", "{22D6166A-6A88-4541-B47D-7BC1A8B59CAE}"
EndProject
Project("{9A19103F-16F7-4668-BE54-9A1E7A4F7556}") = "ApiPeticiones", "ApiPeticiones\ApiPeticiones.csproj", "{F8F8FDCE-01BF-4423-97C4-2B3DDF53E1F2}"
EndProject
Global
	GlobalSection(SolutionConfigurationPlatforms) = preSolution
		Debug|Any CPU = Debug|Any CPU
		Release|Any CPU = Release|Any CPU
	EndGlobalSection
	GlobalSection(ProjectConfigurationPlatforms) = postSolution
		{88B6FD3F-C53C-4C07-AC4C-2B1B1D699894}.Debug|Any CPU.ActiveCfg = Debug|Any CPU
		{88B6FD3F-C53C-4C07-AC4C-2B1B1D699894}.Debug|Any CPU.Build.0 = Debug|Any CPU
		{88B6FD3F-C53C-4C07-AC4C-2B1B1D699894}.Release|Any CPU.ActiveCfg = Release|Any CPU
		{88B6FD3F-C53C-4C07-AC4C-2B1B1D699894}.Release|Any CPU.Build.0 = Release|Any CPU
		{862F4434-D4D4-43F9-A3E9-7898DECF97C3}.Debug|Any CPU.ActiveCfg = Debug|Any CPU
		{862F4434-D4D4-43F9-A3E9-7898DECF97C3}.Debug|Any CPU.Build.0 = Debug|Any CPU
		{862F4434-D4D4-43F9-A3E9-7898DECF97C3}.Release|Any CPU.ActiveCfg = Release|Any CPU
		{862F4434-D4D4-43F9-A3E9-7898DECF97C3}.Release|Any CPU.Build.0 = Release|Any CPU
		{9641504F-33AF-4A4E-AF16-90BBCA0A8237}.Debug|Any CPU.ActiveCfg = Debug|Any CPU
		{9641504F-33AF-4A4E-AF16-90BBCA0A8237}.Debug|Any CPU.Build.0 = Debug|Any CPU
		{9641504F-33AF-4A4E-AF16-90BBCA0A8237}.Release|Any CPU.ActiveCfg = Release|Any CPU
		{9641504F-33AF-4A4E-AF16-90BBCA0A8237}.Release|Any CPU.Build.0 = Release|Any CPU
		{22D6166A-6A88-4541-B47D-7BC1A8B59CAE}.Debug|Any CPU.ActiveCfg = Debug|Any CPU
		{22D6166A-6A88-4541-B47D-7BC1A8B59CAE}.Debug|Any CPU.Build.0 = Debug|Any CPU
		{22D6166A-6A88-4541-B47D-7BC1A8B59CAE}.Release|Any CPU.ActiveCfg = Release|Any CPU
		{22D6166A-6A88-4541-B47D-7BC1A8B59CAE}.Release|Any CPU.Build.0 = Release|Any CPU
		{F8F8FDCE-01BF-4423-97C4-2B3DDF53E1F2}.Debug|Any CPU.ActiveCfg = Debug|Any CPU
		{F8F8FDCE-01BF-4423-97C4-2B3DDF53E1F2}.Debug|Any CPU.Build.0 = Debug|Any CPU
		{F8F8FDCE-01BF-4423-97C4-2B3DDF53E1F2}.Release|Any CPU.ActiveCfg = Release|Any CPU
		{F8F8FDCE-01BF-4423-97C4-2B3DDF53E1F2}.Release|Any CPU.Build.0 = Release|Any CPU
	EndGlobalSection
	GlobalSection(SolutionProperties) = preSolution
		HideSolutionNode = FALSE
	EndGlobalSection
	GlobalSection(NestedProjects) = preSolution
		{88B6FD3F-C53C-4C07-AC4C-2B1B1D699894} = {7B73E12C-1A95-4ACA-B3F1-9ED6F9EE2FBB}
		{862F4434-D4D4-43F9-A3E9-7898DECF97C3} = {7B73E12C-1A95-4ACA-B3F1-9ED6F9EE2FBB}
		{9641504F-33AF-4A4E-AF16-90BBCA0A8237} = {4D951CEF-A91A-4867-9AFE-FC83C9EABD91}
		{22D6166A-6A88-4541-B47D-7BC1A8B59CAE} = {4D951CEF-A91A-4867-9AFE-FC83C9EABD91}
		{F8F8FDCE-01BF-4423-97C4-2B3DDF53E1F2} = {7B73E12C-1A95-4ACA-B3F1-9ED6F9EE2FBB}
	EndGlobalSection
	GlobalSection(ExtensibilityGlobals) = postSolution
		SolutionGuid = {8B5B12BA-73E3-4644-A7F8-C599BD56BE1F}
	EndGlobalSection
EndGlobal
